
Microsoft Visual Studio Solution File, Format Version 12.00
# Visual Studio Version 17
VisualStudioVersion = 17.0.31903.59
MinimumVisualStudioVersion = 10.0.40219.1
Project("{2150E333-8FDC-42A3-9474-1A3956D46DE8}") = "src", "src", "{827E0CD3-B72D-47B6-A68D-7590B98EB39B}"
EndProject
Project("{FAE04EC0-301F-11D3-BF4B-00C04F79EFBC}") = "PbForMac", "src\PbForMac\PbForMac.csproj", "{8907B5D5-9F7B-4D41-8B9B-4756E343AB03}"
EndProject
Project("{2150E333-8FDC-42A3-9474-1A3956D46DE8}") = "tests", "tests", "{0AB3BF05-4346-4AA6-1389-037BE0695223}"
EndProject
Project("{FAE04EC0-301F-11D3-BF4B-00C04F79EFBC}") = "PbForMac.Tests", "tests\PbForMac.Tests\PbForMac.Tests.csproj", "{7482D0A8-34CF-42A2-BF53-14203CA185D9}"
EndProject
Project("{2150E333-8FDC-42A3-9474-1A3956D46DE8}") = "tools", "tools", "{07C2787E-EAC7-C090-1BA3-A61EC2A24D84}"
EndProject
Project("{FAE04EC0-301F-11D3-BF4B-00C04F79EFBC}") = "SampleDataGenerator", "tools\SampleDataGenerator\SampleDataGenerator.csproj", "{4E2D271D-34AD-4298-B4F8-C7853A717B6C}"
EndProject
Project("{FAE04EC0-301F-11D3-BF4B-00C04F79EFBC}") = "Screenshots", "tools\Screenshots\Screenshots.csproj", "{D1C7C99F-2641-4B32-A507-1AD41445895F}"
EndProject
Global
	GlobalSection(SolutionConfigurationPlatforms) = preSolution
		Debug|Any CPU = Debug|Any CPU
		Debug|x64 = Debug|x64
		Debug|x86 = Debug|x86
		Release|Any CPU = Release|Any CPU
		Release|x64 = Release|x64
		Release|x86 = Release|x86
	EndGlobalSection
	GlobalSection(ProjectConfigurationPlatforms) = postSolution
		{8907B5D5-9F7B-4D41-8B9B-4756E343AB03}.Debug|Any CPU.ActiveCfg = Debug|Any CPU
		{8907B5D5-9F7B-4D41-8B9B-4756E343AB03}.Debug|Any CPU.Build.0 = Debug|Any CPU
		{8907B5D5-9F7B-4D41-8B9B-4756E343AB03}.Debug|x64.ActiveCfg = Debug|Any CPU
		{8907B5D5-9F7B-4D41-8B9B-4756E343AB03}.Debug|x64.Build.0 = Debug|Any CPU
		{8907B5D5-9F7B-4D41-8B9B-4756E343AB03}.Debug|x86.ActiveCfg = Debug|Any CPU
		{8907B5D5-9F7B-4D41-8B9B-4756E343AB03}.Debug|x86.Build.0 = Debug|Any CPU
		{8907B5D5-9F7B-4D41-8B9B-4756E343AB03}.Release|Any CPU.ActiveCfg = Release|Any CPU
		{8907B5D5-9F7B-4D41-8B9B-4756E343AB03}.Release|Any CPU.Build.0 = Release|Any CPU
		{8907B5D5-9F7B-4D41-8B9B-4756E343AB03}.Release|x64.ActiveCfg = Release|Any CPU
		{8907B5D5-9F7B-4D41-8B9B-4756E343AB03}.Release|x64.Build.0 = Release|Any CPU
		{8907B5D5-9F7B-4D41-8B9B-4756E343AB03}.Release|x86.ActiveCfg = Release|Any CPU
		{8907B5D5-9F7B-4D41-8B9B-4756E343AB03}.Release|x86.Build.0 = Release|Any CPU
		{7482D0A8-34CF-42A2-BF53-14203CA185D9}.Debug|Any CPU.ActiveCfg = Debug|Any CPU
		{7482D0A8-34CF-42A2-BF53-14203CA185D9}.Debug|Any CPU.Build.0 = Debug|Any CPU
		{7482D0A8-34CF-42A2-BF53-14203CA185D9}.Debug|x64.ActiveCfg = Debug|Any CPU
		{7482D0A8-34CF-42A2-BF53-14203CA185D9}.Debug|x64.Build.0 = Debug|Any CPU
		{7482D0A8-34CF-42A2-BF53-14203CA185D9}.Debug|x86.ActiveCfg = Debug|Any CPU
		{7482D0A8-34CF-42A2-BF53-14203CA185D9}.Debug|x86.Build.0 = Debug|Any CPU
		{7482D0A8-34CF-42A2-BF53-14203CA185D9}.Release|Any CPU.ActiveCfg = Release|Any CPU
		{7482D0A8-34CF-42A2-BF53-14203CA185D9}.Release|Any CPU.Build.0 = Release|Any CPU
		{7482D0A8-34CF-42A2-BF53-14203CA185D9}.Release|x64.ActiveCfg = Release|Any CPU
		{7482D0A8-34CF-42A2-BF53-14203CA185D9}.Release|x64.Build.0 = Release|Any CPU
		{7482D0A8-34CF-42A2-BF53-14203CA185D9}.Release|x86.ActiveCfg = Release|Any CPU
		{7482D0A8-34CF-42A2-BF53-14203CA185D9}.Release|x86.Build.0 = Release|Any CPU
		{4E2D271D-34AD-4298-B4F8-C7853A717B6C}.Debug|Any CPU.ActiveCfg = Debug|Any CPU
		{4E2D271D-34AD-4298-B4F8-C7853A717B6C}.Debug|Any CPU.Build.0 = Debug|Any CPU
		{4E2D271D-34AD-4298-B4F8-C7853A717B6C}.Debug|x64.ActiveCfg = Debug|Any CPU
		{4E2D271D-34AD-4298-B4F8-C7853A717B6C}.Debug|x64.Build.0 = Debug|Any CPU
		{4E2D271D-34AD-4298-B4F8-C7853A717B6C}.Debug|x86.ActiveCfg = Debug|Any CPU
		{4E2D271D-34AD-4298-B4F8-C7853A717B6C}.Debug|x86.Build.0 = Debug|Any CPU
		{4E2D271D-34AD-4298-B4F8-C7853A717B6C}.Release|Any CPU.ActiveCfg = Release|Any CPU
		{4E2D271D-34AD-4298-B4F8-C7853A717B6C}.Release|Any CPU.Build.0 = Release|Any CPU
		{4E2D271D-34AD-4298-B4F8-C7853A717B6C}.Release|x64.ActiveCfg = Release|Any CPU
		{4E2D271D-34AD-4298-B4F8-C7853A717B6C}.Release|x64.Build.0 = Release|Any CPU
		{4E2D271D-34AD-4298-B4F8-C7853A717B6C}.Release|x86.ActiveCfg = Release|Any CPU
		{4E2D271D-34AD-4298-B4F8-C7853A717B6C}.Release|x86.Build.0 = Release|Any CPU
		{D1C7C99F-2641-4B32-A507-1AD41445895F}.Debug|Any CPU.ActiveCfg = Debug|Any CPU
		{D1C7C99F-2641-4B32-A507-1AD41445895F}.Debug|Any CPU.Build.0 = Debug|Any CPU
		{D1C7C99F-2641-4B32-A507-1AD41445895F}.Debug|x64.ActiveCfg = Debug|Any CPU
		{D1C7C99F-2641-4B32-A507-1AD41445895F}.Debug|x64.Build.0 = Debug|Any CPU
		{D1C7C99F-2641-4B32-A507-1AD41445895F}.Debug|x86.ActiveCfg = Debug|Any CPU
		{D1C7C99F-2641-4B32-A507-1AD41445895F}.Debug|x86.Build.0 = Debug|Any CPU
		{D1C7C99F-2641-4B32-A507-1AD41445895F}.Release|Any CPU.ActiveCfg = Release|Any CPU
		{D1C7C99F-2641-4B32-A507-1AD41445895F}.Release|Any CPU.Build.0 = Release|Any CPU
		{D1C7C99F-2641-4B32-A507-1AD41445895F}.Release|x64.ActiveCfg = Release|Any CPU
		{D1C7C99F-2641-4B32-A507-1AD41445895F}.Release|x64.Build.0 = Release|Any CPU
		{D1C7C99F-2641-4B32-A507-1AD41445895F}.Release|x86.ActiveCfg = Release|Any CPU
		{D1C7C99F-2641-4B32-A507-1AD41445895F}.Release|x86.Build.0 = Release|Any CPU
	EndGlobalSection
	GlobalSection(SolutionProperties) = preSolution
		HideSolutionNode = FALSE
	EndGlobalSection
	GlobalSection(NestedProjects) = preSolution
		{8907B5D5-9F7B-4D41-8B9B-4756E343AB03} = {827E0CD3-B72D-47B6-A68D-7590B98EB39B}
		{7482D0A8-34CF-42A2-BF53-14203CA185D9} = {0AB3BF05-4346-4AA6-1389-037BE0695223}
		{4E2D271D-34AD-4298-B4F8-C7853A717B6C} = {07C2787E-EAC7-C090-1BA3-A61EC2A24D84}
		{D1C7C99F-2641-4B32-A507-1AD41445895F} = {07C2787E-EAC7-C090-1BA3-A61EC2A24D84}
	EndGlobalSection
EndGlobal
